// !$*UTF8*$!
{
	archiveVersion = 1;
	classes = {
	};
	objectVersion = 56;
	objects = {

/* Begin PBXBuildFile section */
		DF5FCDBB2C4E2315002D0C3C /* TCAPraticeApp.swift in Sources */ = {isa = PBXBuildFile; fileRef = DF5FCDBA2C4E2315002D0C3C /* TCAPraticeApp.swift */; };
		DF5FCDBD2C4E2315002D0C3C /* ContentView.swift in Sources */ = {isa = PBXBuildFile; fileRef = DF5FCDBC2C4E2315002D0C3C /* ContentView.swift */; };
		DF5FCDBF2C4E2317002D0C3C /* Assets.xcassets in Resources */ = {isa = PBXBuildFile; fileRef = DF5FCDBE2C4E2317002D0C3C /* Assets.xcassets */; };
		DF5FCDC22C4E2317002D0C3C /* Preview Assets.xcassets in Resources */ = {isa = PBXBuildFile; fileRef = DF5FCDC12C4E2317002D0C3C /* Preview Assets.xcassets */; };
		DF5FCDCC2C4E2317002D0C3C /* TCAPraticeTests.swift in Sources */ = {isa = PBXBuildFile; fileRef = DF5FCDCB2C4E2317002D0C3C /* TCAPraticeTests.swift */; };
		DF5FCDD62C4E2317002D0C3C /* TCAPraticeUITests.swift in Sources */ = {isa = PBXBuildFile; fileRef = DF5FCDD52C4E2317002D0C3C /* TCAPraticeUITests.swift */; };
		DF5FCDD82C4E2317002D0C3C /* TCAPraticeUITestsLaunchTests.swift in Sources */ = {isa = PBXBuildFile; fileRef = DF5FCDD72C4E2317002D0C3C /* TCAPraticeUITestsLaunchTests.swift */; };
		DF5FCDE92C4E24D7002D0C3C /* ComposableArchitecture in Frameworks */ = {isa = PBXBuildFile; productRef = DF5FCDE82C4E24D7002D0C3C /* ComposableArchitecture */; };
		DF5FCDEB2C4E27D4002D0C3C /* ContactsFeature.swift in Sources */ = {isa = PBXBuildFile; fileRef = DF5FCDEA2C4E27D4002D0C3C /* ContactsFeature.swift */; };
		DF5FCDEF2C4E3F93002D0C3C /* AddContactFeature.swift in Sources */ = {isa = PBXBuildFile; fileRef = DF5FCDEE2C4E3F93002D0C3C /* AddContactFeature.swift */; };
		DF5FCDF12C4E4086002D0C3C /* AddContactView.swift in Sources */ = {isa = PBXBuildFile; fileRef = DF5FCDF02C4E4086002D0C3C /* AddContactView.swift */; };
/* End PBXBuildFile section */

/* Begin PBXContainerItemProxy section */
		DF5FCDC82C4E2317002D0C3C /* PBXContainerItemProxy */ = {
			isa = PBXContainerItemProxy;
			containerPortal = DF5FCDAF2C4E2314002D0C3C /* Project object */;
			proxyType = 1;
			remoteGlobalIDString = DF5FCDB62C4E2315002D0C3C;
			remoteInfo = TCAPratice;
		};
		DF5FCDD22C4E2317002D0C3C /* PBXContainerItemProxy */ = {
			isa = PBXContainerItemProxy;
			containerPortal = DF5FCDAF2C4E2314002D0C3C /* Project object */;
			proxyType = 1;
			remoteGlobalIDString = DF5FCDB62C4E2315002D0C3C;
			remoteInfo = TCAPratice;
		};
/* End PBXContainerItemProxy section */

/* Begin PBXFileReference section */
		DF5FCDB72C4E2315002D0C3C /* TCAPratice.app */ = {isa = PBXFileReference; explicitFileType = wrapper.application; includeInIndex = 0; path = TCAPratice.app; sourceTree = BUILT_PRODUCTS_DIR; };
		DF5FCDBA2C4E2315002D0C3C /* TCAPraticeApp.swift */ = {isa = PBXFileReference; lastKnownFileType = sourcecode.swift; path = TCAPraticeApp.swift; sourceTree = "<group>"; };
		DF5FCDBC2C4E2315002D0C3C /* ContentView.swift */ = {isa = PBXFileReference; lastKnownFileType = sourcecode.swift; path = ContentView.swift; sourceTree = "<group>"; };
		DF5FCDBE2C4E2317002D0C3C /* Assets.xcassets */ = {isa = PBXFileReference; lastKnownFileType = folder.assetcatalog; path = Assets.xcassets; sourceTree = "<group>"; };
		DF5FCDC12C4E2317002D0C3C /* Preview Assets.xcassets */ = {isa = PBXFileReference; lastKnownFileType = folder.assetcatalog; path = "Preview Assets.xcassets"; sourceTree = "<group>"; };
		DF5FCDC72C4E2317002D0C3C /* TCAPraticeTests.xctest */ = {isa = PBXFileReference; explicitFileType = wrapper.cfbundle; includeInIndex = 0; path = TCAPraticeTests.xctest; sourceTree = BUILT_PRODUCTS_DIR; };
		DF5FCDCB2C4E2317002D0C3C /* TCAPraticeTests.swift */ = {isa = PBXFileReference; lastKnownFileType = sourcecode.swift; path = TCAPraticeTests.swift; sourceTree = "<group>"; };
		DF5FCDD12C4E2317002D0C3C /* TCAPraticeUITests.xctest */ = {isa = PBXFileReference; explicitFileType = wrapper.cfbundle; includeInIndex = 0; path = TCAPraticeUITests.xctest; sourceTree = BUILT_PRODUCTS_DIR; };
		DF5FCDD52C4E2317002D0C3C /* TCAPraticeUITests.swift */ = {isa = PBXFileReference; lastKnownFileType = sourcecode.swift; path = TCAPraticeUITests.swift; sourceTree = "<group>"; };
		DF5FCDD72C4E2317002D0C3C /* TCAPraticeUITestsLaunchTests.swift */ = {isa = PBXFileReference; lastKnownFileType = sourcecode.swift; path = TCAPraticeUITestsLaunchTests.swift; sourceTree = "<group>"; };
		DF5FCDEA2C4E27D4002D0C3C /* ContactsFeature.swift */ = {isa = PBXFileReference; lastKnownFileType = sourcecode.swift; path = ContactsFeature.swift; sourceTree = "<group>"; };
		DF5FCDEE2C4E3F93002D0C3C /* AddContactFeature.swift */ = {isa = PBXFileReference; lastKnownFileType = sourcecode.swift; path = AddContactFeature.swift; sourceTree = "<group>"; };
		DF5FCDF02C4E4086002D0C3C /* AddContactView.swift */ = {isa = PBXFileReference; lastKnownFileType = sourcecode.swift; path = AddContactView.swift; sourceTree = "<group>"; };
/* End PBXFileReference section */

/* Begin PBXFrameworksBuildPhase section */
		DF5FCDB42C4E2315002D0C3C /* Frameworks */ = {
			isa = PBXFrameworksBuildPhase;
			buildActionMask = 2147483647;
			files = (
				DF5FCDE92C4E24D7002D0C3C /* ComposableArchitecture in Frameworks */,
			);
			runOnlyForDeploymentPostprocessing = 0;
		};
		DF5FCDC42C4E2317002D0C3C /* Frameworks */ = {
			isa = PBXFrameworksBuildPhase;
			buildActionMask = 2147483647;
			files = (
			);
			runOnlyForDeploymentPostprocessing = 0;
		};
		DF5FCDCE2C4E2317002D0C3C /* Frameworks */ = {
			isa = PBXFrameworksBuildPhase;
			buildActionMask = 2147483647;
			files = (
			);
			runOnlyForDeploymentPostprocessing = 0;
		};
/* End PBXFrameworksBuildPhase section */

/* Begin PBXGroup section */
		DF5FCDAE2C4E2314002D0C3C = {
			isa = PBXGroup;
			children = (
				DF5FCDB92C4E2315002D0C3C /* TCAPratice */,
				DF5FCDCA2C4E2317002D0C3C /* TCAPraticeTests */,
				DF5FCDD42C4E2317002D0C3C /* TCAPraticeUITests */,
				DF5FCDB82C4E2315002D0C3C /* Products */,
			);
			sourceTree = "<group>";
		};
		DF5FCDB82C4E2315002D0C3C /* Products */ = {
			isa = PBXGroup;
			children = (
				DF5FCDB72C4E2315002D0C3C /* TCAPratice.app */,
				DF5FCDC72C4E2317002D0C3C /* TCAPraticeTests.xctest */,
				DF5FCDD12C4E2317002D0C3C /* TCAPraticeUITests.xctest */,
			);
			name = Products;
			sourceTree = "<group>";
		};
		DF5FCDB92C4E2315002D0C3C /* TCAPratice */ = {
			isa = PBXGroup;
			children = (
				DF5FCDED2C4E3F74002D0C3C /* Container */,
				DF5FCDEC2C4E3F68002D0C3C /* View */,
				DF5FCDBA2C4E2315002D0C3C /* TCAPraticeApp.swift */,
				DF5FCDBE2C4E2317002D0C3C /* Assets.xcassets */,
				DF5FCDC02C4E2317002D0C3C /* Preview Content */,
			);
			path = TCAPratice;
			sourceTree = "<group>";
		};
		DF5FCDC02C4E2317002D0C3C /* Preview Content */ = {
			isa = PBXGroup;
			children = (
				DF5FCDC12C4E2317002D0C3C /* Preview Assets.xcassets */,
			);
			path = "Preview Content";
			sourceTree = "<group>";
		};
		DF5FCDCA2C4E2317002D0C3C /* TCAPraticeTests */ = {
			isa = PBXGroup;
			children = (
				DF5FCDCB2C4E2317002D0C3C /* TCAPraticeTests.swift */,
			);
			path = TCAPraticeTests;
			sourceTree = "<group>";
		};
		DF5FCDD42C4E2317002D0C3C /* TCAPraticeUITests */ = {
			isa = PBXGroup;
			children = (
				DF5FCDD52C4E2317002D0C3C /* TCAPraticeUITests.swift */,
				DF5FCDD72C4E2317002D0C3C /* TCAPraticeUITestsLaunchTests.swift */,
			);
			path = TCAPraticeUITests;
			sourceTree = "<group>";
		};
		DF5FCDEC2C4E3F68002D0C3C /* View */ = {
			isa = PBXGroup;
			children = (
				DF5FCDBC2C4E2315002D0C3C /* ContentView.swift */,
				DF5FCDF02C4E4086002D0C3C /* AddContactView.swift */,
			);
			path = View;
			sourceTree = "<group>";
		};
		DF5FCDED2C4E3F74002D0C3C /* Container */ = {
			isa = PBXGroup;
			children = (
				DF5FCDEA2C4E27D4002D0C3C /* ContactsFeature.swift */,
				DF5FCDEE2C4E3F93002D0C3C /* AddContactFeature.swift */,
			);
			path = Container;
			sourceTree = "<group>";
		};
/* End PBXGroup section */

/* Begin PBXNativeTarget section */
		DF5FCDB62C4E2315002D0C3C /* TCAPratice */ = {
			isa = PBXNativeTarget;
			buildConfigurationList = DF5FCDDB2C4E2317002D0C3C /* Build configuration list for PBXNativeTarget "TCAPratice" */;
			buildPhases = (
				DF5FCDB32C4E2315002D0C3C /* Sources */,
				DF5FCDB42C4E2315002D0C3C /* Frameworks */,
				DF5FCDB52C4E2315002D0C3C /* Resources */,
			);
			buildRules = (
			);
			dependencies = (
			);
			name = TCAPratice;
			packageProductDependencies = (
				DF5FCDE82C4E24D7002D0C3C /* ComposableArchitecture */,
			);
			productName = TCAPratice;
			productReference = DF5FCDB72C4E2315002D0C3C /* TCAPratice.app */;
			productType = "com.apple.product-type.application";
		};
		DF5FCDC62C4E2317002D0C3C /* TCAPraticeTests */ = {
			isa = PBXNativeTarget;
			buildConfigurationList = DF5FCDDE2C4E2317002D0C3C /* Build configuration list for PBXNativeTarget "TCAPraticeTests" */;
			buildPhases = (
				DF5FCDC32C4E2317002D0C3C /* Sources */,
				DF5FCDC42C4E2317002D0C3C /* Frameworks */,
				DF5FCDC52C4E2317002D0C3C /* Resources */,
			);
			buildRules = (
			);
			dependencies = (
				DF5FCDC92C4E2317002D0C3C /* PBXTargetDependency */,
			);
			name = TCAPraticeTests;
			productName = TCAPraticeTests;
			productReference = DF5FCDC72C4E2317002D0C3C /* TCAPraticeTests.xctest */;
			productType = "com.apple.product-type.bundle.unit-test";
		};
		DF5FCDD02C4E2317002D0C3C /* TCAPraticeUITests */ = {
			isa = PBXNativeTarget;
			buildConfigurationList = DF5FCDE12C4E2317002D0C3C /* Build configuration list for PBXNativeTarget "TCAPraticeUITests" */;
			buildPhases = (
				DF5FCDCD2C4E2317002D0C3C /* Sources */,
				DF5FCDCE2C4E2317002D0C3C /* Frameworks */,
				DF5FCDCF2C4E2317002D0C3C /* Resources */,
			);
			buildRules = (
			);
			dependencies = (
				DF5FCDD32C4E2317002D0C3C /* PBXTargetDependency */,
			);
			name = TCAPraticeUITests;
			productName = TCAPraticeUITests;
			productReference = DF5FCDD12C4E2317002D0C3C /* TCAPraticeUITests.xctest */;
			productType = "com.apple.product-type.bundle.ui-testing";
		};
/* End PBXNativeTarget section */

/* Begin PBXProject section */
		DF5FCDAF2C4E2314002D0C3C /* Project object */ = {
			isa = PBXProject;
			attributes = {
				BuildIndependentTargetsInParallel = 1;
				LastSwiftUpdateCheck = 1530;
				LastUpgradeCheck = 1530;
				TargetAttributes = {
					DF5FCDB62C4E2315002D0C3C = {
						CreatedOnToolsVersion = 15.3;
					};
					DF5FCDC62C4E2317002D0C3C = {
						CreatedOnToolsVersion = 15.3;
						TestTargetID = DF5FCDB62C4E2315002D0C3C;
					};
					DF5FCDD02C4E2317002D0C3C = {
						CreatedOnToolsVersion = 15.3;
						TestTargetID = DF5FCDB62C4E2315002D0C3C;
					};
				};
			};
			buildConfigurationList = DF5FCDB22C4E2314002D0C3C /* Build configuration list for PBXProject "TCAPratice" */;
			compatibilityVersion = "Xcode 14.0";
			developmentRegion = en;
			hasScannedForEncodings = 0;
			knownRegions = (
				en,
				Base,
			);
			mainGroup = DF5FCDAE2C4E2314002D0C3C;
			packageReferences = (
				DF5FCDE72C4E24D7002D0C3C /* XCRemoteSwiftPackageReference "swift-composable-architecture" */,
			);
			productRefGroup = DF5FCDB82C4E2315002D0C3C /* Products */;
			projectDirPath = "";
			projectRoot = "";
			targets = (
				DF5FCDB62C4E2315002D0C3C /* TCAPratice */,
				DF5FCDC62C4E2317002D0C3C /* TCAPraticeTests */,
				DF5FCDD02C4E2317002D0C3C /* TCAPraticeUITests */,
			);
		};
/* End PBXProject section */

/* Begin PBXResourcesBuildPhase section */
		DF5FCDB52C4E2315002D0C3C /* Resources */ = {
			isa = PBXResourcesBuildPhase;
			buildActionMask = 2147483647;
			files = (
				DF5FCDC22C4E2317002D0C3C /* Preview Assets.xcassets in Resources */,
				DF5FCDBF2C4E2317002D0C3C /* Assets.xcassets in Resources */,
			);
			runOnlyForDeploymentPostprocessing = 0;
		};
		DF5FCDC52C4E2317002D0C3C /* Resources */ = {
			isa = PBXResourcesBuildPhase;
			buildActionMask = 2147483647;
			files = (
			);
			runOnlyForDeploymentPostprocessing = 0;
		};
		DF5FCDCF2C4E2317002D0C3C /* Resources */ = {
			isa = PBXResourcesBuildPhase;
			buildActionMask = 2147483647;
			files = (
			);
			runOnlyForDeploymentPostprocessing = 0;
		};
/* End PBXResourcesBuildPhase section */

/* Begin PBXSourcesBuildPhase section */
		DF5FCDB32C4E2315002D0C3C /* Sources */ = {
			isa = PBXSourcesBuildPhase;
			buildActionMask = 2147483647;
			files = (
				DF5FCDBD2C4E2315002D0C3C /* ContentView.swift in Sources */,
				DF5FCDF12C4E4086002D0C3C /* AddContactView.swift in Sources */,
				DF5FCDBB2C4E2315002D0C3C /* TCAPraticeApp.swift in Sources */,
				DF5FCDEB2C4E27D4002D0C3C /* ContactsFeature.swift in Sources */,
				DF5FCDEF2C4E3F93002D0C3C /* AddContactFeature.swift in Sources */,
			);
			runOnlyForDeploymentPostprocessing = 0;
		};
		DF5FCDC32C4E2317002D0C3C /* Sources */ = {
			isa = PBXSourcesBuildPhase;
			buildActionMask = 2147483647;
			files = (
				DF5FCDCC2C4E2317002D0C3C /* TCAPraticeTests.swift in Sources */,
			);
			runOnlyForDeploymentPostprocessing = 0;
		};
		DF5FCDCD2C4E2317002D0C3C /* Sources */ = {
			isa = PBXSourcesBuildPhase;
			buildActionMask = 2147483647;
			files = (
				DF5FCDD82C4E2317002D0C3C /* TCAPraticeUITestsLaunchTests.swift in Sources */,
				DF5FCDD62C4E2317002D0C3C /* TCAPraticeUITests.swift in Sources */,
			);
			runOnlyForDeploymentPostprocessing = 0;
		};
/* End PBXSourcesBuildPhase section */

/* Begin PBXTargetDependency section */
		DF5FCDC92C4E2317002D0C3C /* PBXTargetDependency */ = {
			isa = PBXTargetDependency;
			target = DF5FCDB62C4E2315002D0C3C /* TCAPratice */;
			targetProxy = DF5FCDC82C4E2317002D0C3C /* PBXContainerItemProxy */;
		};
		DF5FCDD32C4E2317002D0C3C /* PBXTargetDependency */ = {
			isa = PBXTargetDependency;
			target = DF5FCDB62C4E2315002D0C3C /* TCAPratice */;
			targetProxy = DF5FCDD22C4E2317002D0C3C /* PBXContainerItemProxy */;
		};
/* End PBXTargetDependency section */

/* Begin XCBuildConfiguration section */
		DF5FCDD92C4E2317002D0C3C /* Debug */ = {
			isa = XCBuildConfiguration;
			buildSettings = {
				ALWAYS_SEARCH_USER_PATHS = NO;
				ASSETCATALOG_COMPILER_GENERATE_SWIFT_ASSET_SYMBOL_EXTENSIONS = YES;
				CLANG_ANALYZER_NONNULL = YES;
				CLANG_ANALYZER_NUMBER_OBJECT_CONVERSION = YES_AGGRESSIVE;
				CLANG_CXX_LANGUAGE_STANDARD = "gnu++20";
				CLANG_ENABLE_MODULES = YES;
				CLANG_ENABLE_OBJC_ARC = YES;
				CLANG_ENABLE_OBJC_WEAK = YES;
				CLANG_WARN_BLOCK_CAPTURE_AUTORELEASING = YES;
				CLANG_WARN_BOOL_CONVERSION = YES;
				CLANG_WARN_COMMA = YES;
				CLANG_WARN_CONSTANT_CONVERSION = YES;
				CLANG_WARN_DEPRECATED_OBJC_IMPLEMENTATIONS = YES;
				CLANG_WARN_DIRECT_OBJC_ISA_USAGE = YES_ERROR;
				CLANG_WARN_DOCUMENTATION_COMMENTS = YES;
				CLANG_WARN_EMPTY_BODY = YES;
				CLANG_WARN_ENUM_CONVERSION = YES;
				CLANG_WARN_INFINITE_RECURSION = YES;
				CLANG_WARN_INT_CONVERSION = YES;
				CLANG_WARN_NON_LITERAL_NULL_CONVERSION = YES;
				CLANG_WARN_OBJC_IMPLICIT_RETAIN_SELF = YES;
				CLANG_WARN_OBJC_LITERAL_CONVERSION = YES;
				CLANG_WARN_OBJC_ROOT_CLASS = YES_ERROR;
				CLANG_WARN_QUOTED_INCLUDE_IN_FRAMEWORK_HEADER = YES;
				CLANG_WARN_RANGE_LOOP_ANALYSIS = YES;
				CLANG_WARN_STRICT_PROTOTYPES = YES;
				CLANG_WARN_SUSPICIOUS_MOVE = YES;
				CLANG_WARN_UNGUARDED_AVAILABILITY = YES_AGGRESSIVE;
				CLANG_WARN_UNREACHABLE_CODE = YES;
				CLANG_WARN__DUPLICATE_METHOD_MATCH = YES;
				COPY_PHASE_STRIP = NO;
				DEBUG_INFORMATION_FORMAT = dwarf;
				ENABLE_STRICT_OBJC_MSGSEND = YES;
				ENABLE_TESTABILITY = YES;
				ENABLE_USER_SCRIPT_SANDBOXING = YES;
				GCC_C_LANGUAGE_STANDARD = gnu17;
				GCC_DYNAMIC_NO_PIC = NO;
				GCC_NO_COMMON_BLOCKS = YES;
				GCC_OPTIMIZATION_LEVEL = 0;
				GCC_PREPROCESSOR_DEFINITIONS = (
					"DEBUG=1",
					"$(inherited)",
				);
				GCC_WARN_64_TO_32_BIT_CONVERSION = YES;
				GCC_WARN_ABOUT_RETURN_TYPE = YES_ERROR;
				GCC_WARN_UNDECLARED_SELECTOR = YES;
				GCC_WARN_UNINITIALIZED_AUTOS = YES_AGGRESSIVE;
				GCC_WARN_UNUSED_FUNCTION = YES;
				GCC_WARN_UNUSED_VARIABLE = YES;
				IPHONEOS_DEPLOYMENT_TARGET = 17.4;
				LOCALIZATION_PREFERS_STRING_CATALOGS = YES;
				MTL_ENABLE_DEBUG_INFO = INCLUDE_SOURCE;
				MTL_FAST_MATH = YES;
				ONLY_ACTIVE_ARCH = YES;
				SDKROOT = iphoneos;
				SWIFT_ACTIVE_COMPILATION_CONDITIONS = "DEBUG $(inherited)";
				SWIFT_OPTIMIZATION_LEVEL = "-Onone";
			};
			name = Debug;
		};
		DF5FCDDA2C4E2317002D0C3C /* Release */ = {
			isa = XCBuildConfiguration;
			buildSettings = {
				ALWAYS_SEARCH_USER_PATHS = NO;
				ASSETCATALOG_COMPILER_GENERATE_SWIFT_ASSET_SYMBOL_EXTENSIONS = YES;
				CLANG_ANALYZER_NONNULL = YES;
				CLANG_ANALYZER_NUMBER_OBJECT_CONVERSION = YES_AGGRESSIVE;
				CLANG_CXX_LANGUAGE_STANDARD = "gnu++20";
				CLANG_ENABLE_MODULES = YES;
				CLANG_ENABLE_OBJC_ARC = YES;
				CLANG_ENABLE_OBJC_WEAK = YES;
				CLANG_WARN_BLOCK_CAPTURE_AUTORELEASING = YES;
				CLANG_WARN_BOOL_CONVERSION = YES;
				CLANG_WARN_COMMA = YES;
				CLANG_WARN_CONSTANT_CONVERSION = YES;
				CLANG_WARN_DEPRECATED_OBJC_IMPLEMENTATIONS = YES;
				CLANG_WARN_DIRECT_OBJC_ISA_USAGE = YES_ERROR;
				CLANG_WARN_DOCUMENTATION_COMMENTS = YES;
				CLANG_WARN_EMPTY_BODY = YES;
				CLANG_WARN_ENUM_CONVERSION = YES;
				CLANG_WARN_INFINITE_RECURSION = YES;
				CLANG_WARN_INT_CONVERSION = YES;
				CLANG_WARN_NON_LITERAL_NULL_CONVERSION = YES;
				CLANG_WARN_OBJC_IMPLICIT_RETAIN_SELF = YES;
				CLANG_WARN_OBJC_LITERAL_CONVERSION = YES;
				CLANG_WARN_OBJC_ROOT_CLASS = YES_ERROR;
				CLANG_WARN_QUOTED_INCLUDE_IN_FRAMEWORK_HEADER = YES;
				CLANG_WARN_RANGE_LOOP_ANALYSIS = YES;
				CLANG_WARN_STRICT_PROTOTYPES = YES;
				CLANG_WARN_SUSPICIOUS_MOVE = YES;
				CLANG_WARN_UNGUARDED_AVAILABILITY = YES_AGGRESSIVE;
				CLANG_WARN_UNREACHABLE_CODE = YES;
				CLANG_WARN__DUPLICATE_METHOD_MATCH = YES;
				COPY_PHASE_STRIP = NO;
				DEBUG_INFORMATION_FORMAT = "dwarf-with-dsym";
				ENABLE_NS_ASSERTIONS = NO;
				ENABLE_STRICT_OBJC_MSGSEND = YES;
				ENABLE_USER_SCRIPT_SANDBOXING = YES;
				GCC_C_LANGUAGE_STANDARD = gnu17;
				GCC_NO_COMMON_BLOCKS = YES;
				GCC_WARN_64_TO_32_BIT_CONVERSION = YES;
				GCC_WARN_ABOUT_RETURN_TYPE = YES_ERROR;
				GCC_WARN_UNDECLARED_SELECTOR = YES;
				GCC_WARN_UNINITIALIZED_AUTOS = YES_AGGRESSIVE;
				GCC_WARN_UNUSED_FUNCTION = YES;
				GCC_WARN_UNUSED_VARIABLE = YES;
				IPHONEOS_DEPLOYMENT_TARGET = 17.4;
				LOCALIZATION_PREFERS_STRING_CATALOGS = YES;
				MTL_ENABLE_DEBUG_INFO = NO;
				MTL_FAST_MATH = YES;
				SDKROOT = iphoneos;
				SWIFT_COMPILATION_MODE = wholemodule;
				VALIDATE_PRODUCT = YES;
			};
			name = Release;
		};
		DF5FCDDC2C4E2317002D0C3C /* Debug */ = {
			isa = XCBuildConfiguration;
			buildSettings = {
				ASSETCATALOG_COMPILER_APPICON_NAME = AppIcon;
				ASSETCATALOG_COMPILER_GLOBAL_ACCENT_COLOR_NAME = AccentColor;
				CODE_SIGN_STYLE = Automatic;
				CURRENT_PROJECT_VERSION = 1;
				DEVELOPMENT_ASSET_PATHS = "\"TCAPratice/Preview Content\"";
				DEVELOPMENT_TEAM = QQ67S8HZ4F;
				ENABLE_PREVIEWS = YES;
				GENERATE_INFOPLIST_FILE = YES;
				INFOPLIST_KEY_UIApplicationSceneManifest_Generation = YES;
				INFOPLIST_KEY_UIApplicationSupportsIndirectInputEvents = YES;
				INFOPLIST_KEY_UILaunchScreen_Generation = YES;
				INFOPLIST_KEY_UISupportedInterfaceOrientations_iPad = "UIInterfaceOrientationPortrait UIInterfaceOrientationPortraitUpsideDown UIInterfaceOrientationLandscapeLeft UIInterfaceOrientationLandscapeRight";
				INFOPLIST_KEY_UISupportedInterfaceOrientations_iPhone = "UIInterfaceOrientationPortrait UIInterfaceOrientationLandscapeLeft UIInterfaceOrientationLandscapeRight";
				IPHONEOS_DEPLOYMENT_TARGET = 16.0;
				LD_RUNPATH_SEARCH_PATHS = (
					"$(inherited)",
					"@executable_path/Frameworks",
				);
				MARKETING_VERSION = 1.0;
				PRODUCT_BUNDLE_IDENTIFIER = com.melon.TCAPratice;
				PRODUCT_NAME = "$(TARGET_NAME)";
				SUPPORTED_PLATFORMS = "iphoneos iphonesimulator";
				SUPPORTS_MACCATALYST = NO;
				SUPPORTS_MAC_DESIGNED_FOR_IPHONE_IPAD = NO;
				SUPPORTS_XR_DESIGNED_FOR_IPHONE_IPAD = NO;
				SWIFT_EMIT_LOC_STRINGS = YES;
				SWIFT_VERSION = 5.0;
				TARGETED_DEVICE_FAMILY = 1;
			};
			name = Debug;
		};
		DF5FCDDD2C4E2317002D0C3C /* Release */ = {
			isa = XCBuildConfiguration;
			buildSettings = {
				ASSETCATALOG_COMPILER_APPICON_NAME = AppIcon;
				ASSETCATALOG_COMPILER_GLOBAL_ACCENT_COLOR_NAME = AccentColor;
				CODE_SIGN_STYLE = Automatic;
				CURRENT_PROJECT_VERSION = 1;
				DEVELOPMENT_ASSET_PATHS = "\"TCAPratice/Preview Content\"";
				DEVELOPMENT_TEAM = QQ67S8HZ4F;
				ENABLE_PREVIEWS = YES;
				GENERATE_INFOPLIST_FILE = YES;
				INFOPLIST_KEY_UIApplicationSceneManifest_Generation = YES;
				INFOPLIST_KEY_UIApplicationSupportsIndirectInputEvents = YES;
				INFOPLIST_KEY_UILaunchScreen_Generation = YES;
				INFOPLIST_KEY_UISupportedInterfaceOrientations_iPad = "UIInterfaceOrientationPortrait UIInterfaceOrientationPortraitUpsideDown UIInterfaceOrientationLandscapeLeft UIInterfaceOrientationLandscapeRight";
				INFOPLIST_KEY_UISupportedInterfaceOrientations_iPhone = "UIInterfaceOrientationPortrait UIInterfaceOrientationLandscapeLeft UIInterfaceOrientationLandscapeRight";
				IPHONEOS_DEPLOYMENT_TARGET = 16.0;
				LD_RUNPATH_SEARCH_PATHS = (
					"$(inherited)",
					"@executable_path/Frameworks",
				);
				MARKETING_VERSION = 1.0;
				PRODUCT_BUNDLE_IDENTIFIER = com.melon.TCAPratice;
				PRODUCT_NAME = "$(TARGET_NAME)";
				SUPPORTED_PLATFORMS = "iphoneos iphonesimulator";
				SUPPORTS_MACCATALYST = NO;
				SUPPORTS_MAC_DESIGNED_FOR_IPHONE_IPAD = NO;
				SUPPORTS_XR_DESIGNED_FOR_IPHONE_IPAD = NO;
				SWIFT_EMIT_LOC_STRINGS = YES;
				SWIFT_VERSION = 5.0;
				TARGETED_DEVICE_FAMILY = 1;
			};
			name = Release;
		};
		DF5FCDDF2C4E2317002D0C3C /* Debug */ = {
			isa = XCBuildConfiguration;
			buildSettings = {
				ALWAYS_EMBED_SWIFT_STANDARD_LIBRARIES = YES;
				BUNDLE_LOADER = "$(TEST_HOST)";
				CODE_SIGN_STYLE = Automatic;
				CURRENT_PROJECT_VERSION = 1;
				DEVELOPMENT_TEAM = QQ67S8HZ4F;
				GENERATE_INFOPLIST_FILE = YES;
				IPHONEOS_DEPLOYMENT_TARGET = 17.4;
				MARKETING_VERSION = 1.0;
				PRODUCT_BUNDLE_IDENTIFIER = com.melon.TCAPraticeTests;
				PRODUCT_NAME = "$(TARGET_NAME)";
				SWIFT_EMIT_LOC_STRINGS = NO;
				SWIFT_VERSION = 5.0;
				TARGETED_DEVICE_FAMILY = "1,2";
				TEST_HOST = "$(BUILT_PRODUCTS_DIR)/TCAPratice.app/$(BUNDLE_EXECUTABLE_FOLDER_PATH)/TCAPratice";
			};
			name = Debug;
		};
		DF5FCDE02C4E2317002D0C3C /* Release */ = {
			isa = XCBuildConfiguration;
			buildSettings = {
				ALWAYS_EMBED_SWIFT_STANDARD_LIBRARIES = YES;
				BUNDLE_LOADER = "$(TEST_HOST)";
				CODE_SIGN_STYLE = Automatic;
				CURRENT_PROJECT_VERSION = 1;
				DEVELOPMENT_TEAM = QQ67S8HZ4F;
				GENERATE_INFOPLIST_FILE = YES;
				IPHONEOS_DEPLOYMENT_TARGET = 17.4;
				MARKETING_VERSION = 1.0;
				PRODUCT_BUNDLE_IDENTIFIER = com.melon.TCAPraticeTests;
				PRODUCT_NAME = "$(TARGET_NAME)";
				SWIFT_EMIT_LOC_STRINGS = NO;
				SWIFT_VERSION = 5.0;
				TARGETED_DEVICE_FAMILY = "1,2";
				TEST_HOST = "$(BUILT_PRODUCTS_DIR)/TCAPratice.app/$(BUNDLE_EXECUTABLE_FOLDER_PATH)/TCAPratice";
			};
			name = Release;
		};
		DF5FCDE22C4E2317002D0C3C /* Debug */ = {
			isa = XCBuildConfiguration;
			buildSettings = {
				ALWAYS_EMBED_SWIFT_STANDARD_LIBRARIES = YES;
				CODE_SIGN_STYLE = Automatic;
				CURRENT_PROJECT_VERSION = 1;
				DEVELOPMENT_TEAM = QQ67S8HZ4F;
				GENERATE_INFOPLIST_FILE = YES;
				MARKETING_VERSION = 1.0;
				PRODUCT_BUNDLE_IDENTIFIER = com.melon.TCAPraticeUITests;
				PRODUCT_NAME = "$(TARGET_NAME)";
				SWIFT_EMIT_LOC_STRINGS = NO;
				SWIFT_VERSION = 5.0;
				TARGETED_DEVICE_FAMILY = "1,2";
				TEST_TARGET_NAME = TCAPratice;
			};
			name = Debug;
		};
		DF5FCDE32C4E2317002D0C3C /* Release */ = {
			isa = XCBuildConfiguration;
			buildSettings = {
				ALWAYS_EMBED_SWIFT_STANDARD_LIBRARIES = YES;
				CODE_SIGN_STYLE = Automatic;
				CURRENT_PROJECT_VERSION = 1;
				DEVELOPMENT_TEAM = QQ67S8HZ4F;
				GENERATE_INFOPLIST_FILE = YES;
				MARKETING_VERSION = 1.0;
				PRODUCT_BUNDLE_IDENTIFIER = com.melon.TCAPraticeUITests;
				PRODUCT_NAME = "$(TARGET_NAME)";
				SWIFT_EMIT_LOC_STRINGS = NO;
				SWIFT_VERSION = 5.0;
				TARGETED_DEVICE_FAMILY = "1,2";
				TEST_TARGET_NAME = TCAPratice;
			};
			name = Release;
		};
/* End XCBuildConfiguration section */

/* Begin XCConfigurationList section */
		DF5FCDB22C4E2314002D0C3C /* Build configuration list for PBXProject "TCAPratice" */ = {
			isa = XCConfigurationList;
			buildConfigurations = (
				DF5FCDD92C4E2317002D0C3C /* Debug */,
				DF5FCDDA2C4E2317002D0C3C /* Release */,
			);
			defaultConfigurationIsVisible = 0;
			defaultConfigurationName = Release;
		};
		DF5FCDDB2C4E2317002D0C3C /* Build configuration list for PBXNativeTarget "TCAPratice" */ = {
			isa = XCConfigurationList;
			buildConfigurations = (
				DF5FCDDC2C4E2317002D0C3C /* Debug */,
				DF5FCDDD2C4E2317002D0C3C /* Release */,
			);
			defaultConfigurationIsVisible = 0;
			defaultConfigurationName = Release;
		};
		DF5FCDDE2C4E2317002D0C3C /* Build configuration list for PBXNativeTarget "TCAPraticeTests" */ = {
			isa = XCConfigurationList;
			buildConfigurations = (
				DF5FCDDF2C4E2317002D0C3C /* Debug */,
				DF5FCDE02C4E2317002D0C3C /* Release */,
			);
			defaultConfigurationIsVisible = 0;
			defaultConfigurationName = Release;
		};
		DF5FCDE12C4E2317002D0C3C /* Build configuration list for PBXNativeTarget "TCAPraticeUITests" */ = {
			isa = XCConfigurationList;
			buildConfigurations = (
				DF5FCDE22C4E2317002D0C3C /* Debug */,
				DF5FCDE32C4E2317002D0C3C /* Release */,
			);
			defaultConfigurationIsVisible = 0;
			defaultConfigurationName = Release;
		};
/* End XCConfigurationList section */

/* Begin XCRemoteSwiftPackageReference section */
		DF5FCDE72C4E24D7002D0C3C /* XCRemoteSwiftPackageReference "swift-composable-architecture" */ = {
			isa = XCRemoteSwiftPackageReference;
			repositoryURL = "https://github.com/pointfreeco/swift-composable-architecture.git";
			requirement = {
				kind = upToNextMajorVersion;
				minimumVersion = 1.11.0;
			};
		};
/* End XCRemoteSwiftPackageReference section */

/* Begin XCSwiftPackageProductDependency section */
		DF5FCDE82C4E24D7002D0C3C /* ComposableArchitecture */ = {
			isa = XCSwiftPackageProductDependency;
			package = DF5FCDE72C4E24D7002D0C3C /* XCRemoteSwiftPackageReference "swift-composable-architecture" */;
			productName = ComposableArchitecture;
		};
/* End XCSwiftPackageProductDependency section */
	};
	rootObject = DF5FCDAF2C4E2314002D0C3C /* Project object */;
}
